// !$*UTF8*$!
{
	archiveVersion = 1;
	classes = {
	};
	objectVersion = 46;
	objects = {

/* Begin PBXBuildFile section */
		9A46C7DB1A907A8C0089F5A5 /* AppDelegate.swift in Sources */ = {isa = PBXBuildFile; fileRef = 9A46C7DA1A907A8C0089F5A5 /* AppDelegate.swift */; };
		9A46C7DD1A907A8C0089F5A5 /* ViewController.swift in Sources */ = {isa = PBXBuildFile; fileRef = 9A46C7DC1A907A8C0089F5A5 /* ViewController.swift */; };
		9A46C7E01A907A8C0089F5A5 /* Main.storyboard in Resources */ = {isa = PBXBuildFile; fileRef = 9A46C7DE1A907A8C0089F5A5 /* Main.storyboard */; };
		9A46C7E21A907A8C0089F5A5 /* Images.xcassets in Resources */ = {isa = PBXBuildFile; fileRef = 9A46C7E11A907A8C0089F5A5 /* Images.xcassets */; };
		9A46C7E51A907A8C0089F5A5 /* LaunchScreen.xib in Resources */ = {isa = PBXBuildFile; fileRef = 9A46C7E31A907A8C0089F5A5 /* LaunchScreen.xib */; };
		9A46C7F11A907A8C0089F5A5 /* ___swiftTests.swift in Sources */ = {isa = PBXBuildFile; fileRef = 9A46C7F01A907A8C0089F5A5 /* ___swiftTests.swift */; };
/* End PBXBuildFile section */

/* Begin PBXContainerItemProxy section */
		9A46C7EB1A907A8C0089F5A5 /* PBXContainerItemProxy */ = {
			isa = PBXContainerItemProxy;
			containerPortal = 9A46C7CD1A907A8C0089F5A5 /* Project object */;
			proxyType = 1;
			remoteGlobalIDString = 9A46C7D41A907A8C0089F5A5;
			remoteInfo = "電卓.swift";
		};
/* End PBXContainerItemProxy section */

/* Begin PBXFileReference section */
		9A46C7D51A907A8C0089F5A5 /* 電卓.swift.app */ = {isa = PBXFileReference; explicitFileType = wrapper.application; includeInIndex = 0; path = "電卓.swift.app"; sourceTree = BUILT_PRODUCTS_DIR; };
		9A46C7D91A907A8C0089F5A5 /* Info.plist */ = {isa = PBXFileReference; lastKnownFileType = text.plist.xml; path = Info.plist; sourceTree = "<group>"; };
		9A46C7DA1A907A8C0089F5A5 /* AppDelegate.swift */ = {isa = PBXFileReference; lastKnownFileType = sourcecode.swift; path = AppDelegate.swift; sourceTree = "<group>"; };
		9A46C7DC1A907A8C0089F5A5 /* ViewController.swift */ = {isa = PBXFileReference; lastKnownFileType = sourcecode.swift; path = ViewController.swift; sourceTree = "<group>"; };
		9A46C7DF1A907A8C0089F5A5 /* Base */ = {isa = PBXFileReference; lastKnownFileType = file.storyboard; name = Base; path = Base.lproj/Main.storyboard; sourceTree = "<group>"; };
		9A46C7E11A907A8C0089F5A5 /* Images.xcassets */ = {isa = PBXFileReference; lastKnownFileType = folder.assetcatalog; path = Images.xcassets; sourceTree = "<group>"; };
		9A46C7E41A907A8C0089F5A5 /* Base */ = {isa = PBXFileReference; lastKnownFileType = file.xib; name = Base; path = Base.lproj/LaunchScreen.xib; sourceTree = "<group>"; };
		9A46C7EA1A907A8C0089F5A5 /* 電卓.swiftTests.xctest */ = {isa = PBXFileReference; explicitFileType = wrapper.cfbundle; includeInIndex = 0; path = "電卓.swiftTests.xctest"; sourceTree = BUILT_PRODUCTS_DIR; };
		9A46C7EF1A907A8C0089F5A5 /* Info.plist */ = {isa = PBXFileReference; lastKnownFileType = text.plist.xml; path = Info.plist; sourceTree = "<group>"; };
		9A46C7F01A907A8C0089F5A5 /* ___swiftTests.swift */ = {isa = PBXFileReference; lastKnownFileType = sourcecode.swift; path = "___swiftTests.swift"; sourceTree = "<group>"; };
/* End PBXFileReference section */

/* Begin PBXFrameworksBuildPhase section */
		9A46C7D21A907A8C0089F5A5 /* Frameworks */ = {
			isa = PBXFrameworksBuildPhase;
			buildActionMask = 2147483647;
			files = (
			);
			runOnlyForDeploymentPostprocessing = 0;
		};
		9A46C7E71A907A8C0089F5A5 /* Frameworks */ = {
			isa = PBXFrameworksBuildPhase;
			buildActionMask = 2147483647;
			files = (
			);
			runOnlyForDeploymentPostprocessing = 0;
		};
/* End PBXFrameworksBuildPhase section */

/* Begin PBXGroup section */
		9A46C7CC1A907A8C0089F5A5 = {
			isa = PBXGroup;
			children = (
				9A46C7D71A907A8C0089F5A5 /* 電卓.swift */,
				9A46C7ED1A907A8C0089F5A5 /* 電卓.swiftTests */,
				9A46C7D61A907A8C0089F5A5 /* Products */,
			);
			sourceTree = "<group>";
		};
		9A46C7D61A907A8C0089F5A5 /* Products */ = {
			isa = PBXGroup;
			children = (
				9A46C7D51A907A8C0089F5A5 /* 電卓.swift.app */,
				9A46C7EA1A907A8C0089F5A5 /* 電卓.swiftTests.xctest */,
			);
			name = Products;
			sourceTree = "<group>";
		};
		9A46C7D71A907A8C0089F5A5 /* 電卓.swift */ = {
			isa = PBXGroup;
			children = (
				9A46C7DA1A907A8C0089F5A5 /* AppDelegate.swift */,
				9A46C7DC1A907A8C0089F5A5 /* ViewController.swift */,
				9A46C7DE1A907A8C0089F5A5 /* Main.storyboard */,
				9A46C7E11A907A8C0089F5A5 /* Images.xcassets */,
				9A46C7E31A907A8C0089F5A5 /* LaunchScreen.xib */,
				9A46C7D81A907A8C0089F5A5 /* Supporting Files */,
			);
			path = "電卓.swift";
			sourceTree = "<group>";
		};
		9A46C7D81A907A8C0089F5A5 /* Supporting Files */ = {
			isa = PBXGroup;
			children = (
				9A46C7D91A907A8C0089F5A5 /* Info.plist */,
			);
			name = "Supporting Files";
			sourceTree = "<group>";
		};
		9A46C7ED1A907A8C0089F5A5 /* 電卓.swiftTests */ = {
			isa = PBXGroup;
			children = (
				9A46C7F01A907A8C0089F5A5 /* ___swiftTests.swift */,
				9A46C7EE1A907A8C0089F5A5 /* Supporting Files */,
			);
			path = "電卓.swiftTests";
			sourceTree = "<group>";
		};
		9A46C7EE1A907A8C0089F5A5 /* Supporting Files */ = {
			isa = PBXGroup;
			children = (
				9A46C7EF1A907A8C0089F5A5 /* Info.plist */,
			);
			name = "Supporting Files";
			sourceTree = "<group>";
		};
/* End PBXGroup section */

/* Begin PBXNativeTarget section */
		9A46C7D41A907A8C0089F5A5 /* 電卓.swift */ = {
			isa = PBXNativeTarget;
			buildConfigurationList = 9A46C7F41A907A8C0089F5A5 /* Build configuration list for PBXNativeTarget "電卓.swift" */;
			buildPhases = (
				9A46C7D11A907A8C0089F5A5 /* Sources */,
				9A46C7D21A907A8C0089F5A5 /* Frameworks */,
				9A46C7D31A907A8C0089F5A5 /* Resources */,
			);
			buildRules = (
			);
			dependencies = (
			);
			name = "電卓.swift";
			productName = "電卓.swift";
			productReference = 9A46C7D51A907A8C0089F5A5 /* 電卓.swift.app */;
			productType = "com.apple.product-type.application";
		};
		9A46C7E91A907A8C0089F5A5 /* 電卓.swiftTests */ = {
			isa = PBXNativeTarget;
			buildConfigurationList = 9A46C7F71A907A8C0089F5A5 /* Build configuration list for PBXNativeTarget "電卓.swiftTests" */;
			buildPhases = (
				9A46C7E61A907A8C0089F5A5 /* Sources */,
				9A46C7E71A907A8C0089F5A5 /* Frameworks */,
				9A46C7E81A907A8C0089F5A5 /* Resources */,
			);
			buildRules = (
			);
			dependencies = (
				9A46C7EC1A907A8C0089F5A5 /* PBXTargetDependency */,
			);
			name = "電卓.swiftTests";
			productName = "電卓.swiftTests";
			productReference = 9A46C7EA1A907A8C0089F5A5 /* 電卓.swiftTests.xctest */;
			productType = "com.apple.product-type.bundle.unit-test";
		};
/* End PBXNativeTarget section */

/* Begin PBXProject section */
		9A46C7CD1A907A8C0089F5A5 /* Project object */ = {
			isa = PBXProject;
			attributes = {
				LastUpgradeCheck = 0610;
				ORGANIZATIONNAME = "takuma arimura";
				TargetAttributes = {
					9A46C7D41A907A8C0089F5A5 = {
						CreatedOnToolsVersion = 6.1.1;
					};
					9A46C7E91A907A8C0089F5A5 = {
						CreatedOnToolsVersion = 6.1.1;
						TestTargetID = 9A46C7D41A907A8C0089F5A5;
					};
				};
			};
			buildConfigurationList = 9A46C7D01A907A8C0089F5A5 /* Build configuration list for PBXProject "電卓.swift" */;
			compatibilityVersion = "Xcode 3.2";
			developmentRegion = English;
			hasScannedForEncodings = 0;
			knownRegions = (
				en,
				Base,
			);
			mainGroup = 9A46C7CC1A907A8C0089F5A5;
			productRefGroup = 9A46C7D61A907A8C0089F5A5 /* Products */;
			projectDirPath = "";
			projectRoot = "";
			targets = (
				9A46C7D41A907A8C0089F5A5 /* 電卓.swift */,
				9A46C7E91A907A8C0089F5A5 /* 電卓.swiftTests */,
			);
		};
/* End PBXProject section */

/* Begin PBXResourcesBuildPhase section */
		9A46C7D31A907A8C0089F5A5 /* Resources */ = {
			isa = PBXResourcesBuildPhase;
			buildActionMask = 2147483647;
			files = (
				9A46C7E01A907A8C0089F5A5 /* Main.storyboard in Resources */,
				9A46C7E51A907A8C0089F5A5 /* LaunchScreen.xib in Resources */,
				9A46C7E21A907A8C0089F5A5 /* Images.xcassets in Resources */,
			);
			runOnlyForDeploymentPostprocessing = 0;
		};
		9A46C7E81A907A8C0089F5A5 /* Resources */ = {
			isa = PBXResourcesBuildPhase;
			buildActionMask = 2147483647;
			files = (
			);
			runOnlyForDeploymentPostprocessing = 0;
		};
/* End PBXResourcesBuildPhase section */

/* Begin PBXSourcesBuildPhase section */
		9A46C7D11A907A8C0089F5A5 /* Sources */ = {
			isa = PBXSourcesBuildPhase;
			buildActionMask = 2147483647;
			files = (
				9A46C7DD1A907A8C0089F5A5 /* ViewController.swift in Sources */,
				9A46C7DB1A907A8C0089F5A5 /* AppDelegate.swift in Sources */,
			);
			runOnlyForDeploymentPostprocessing = 0;
		};
		9A46C7E61A907A8C0089F5A5 /* Sources */ = {
			isa = PBXSourcesBuildPhase;
			buildActionMask = 2147483647;
			files = (
				9A46C7F11A907A8C0089F5A5 /* ___swiftTests.swift in Sources */,
			);
			runOnlyForDeploymentPostprocessing = 0;
		};
/* End PBXSourcesBuildPhase section */

/* Begin PBXTargetDependency section */
		9A46C7EC1A907A8C0089F5A5 /* PBXTargetDependency */ = {
			isa = PBXTargetDependency;
			target = 9A46C7D41A907A8C0089F5A5 /* 電卓.swift */;
			targetProxy = 9A46C7EB1A907A8C0089F5A5 /* PBXContainerItemProxy */;
		};
/* End PBXTargetDependency section */

/* Begin PBXVariantGroup section */
		9A46C7DE1A907A8C0089F5A5 /* Main.storyboard */ = {
			isa = PBXVariantGroup;
			children = (
				9A46C7DF1A907A8C0089F5A5 /* Base */,
			);
			name = Main.storyboard;
			sourceTree = "<group>";
		};
		9A46C7E31A907A8C0089F5A5 /* LaunchScreen.xib */ = {
			isa = PBXVariantGroup;
			children = (
				9A46C7E41A907A8C0089F5A5 /* Base */,
			);
			name = LaunchScreen.xib;
			sourceTree = "<group>";
		};
/* End PBXVariantGroup section */

/* Begin XCBuildConfiguration section */
		9A46C7F21A907A8C0089F5A5 /* Debug */ = {
			isa = XCBuildConfiguration;
			buildSettings = {
				ALWAYS_SEARCH_USER_PATHS = NO;
				CLANG_CXX_LANGUAGE_STANDARD = "gnu++0x";
				CLANG_CXX_LIBRARY = "libc++";
				CLANG_ENABLE_MODULES = YES;
				CLANG_ENABLE_OBJC_ARC = YES;
				CLANG_WARN_BOOL_CONVERSION = YES;
				CLANG_WARN_CONSTANT_CONVERSION = YES;
				CLANG_WARN_DIRECT_OBJC_ISA_USAGE = YES_ERROR;
				CLANG_WARN_EMPTY_BODY = YES;
				CLANG_WARN_ENUM_CONVERSION = YES;
				CLANG_WARN_INT_CONVERSION = YES;
				CLANG_WARN_OBJC_ROOT_CLASS = YES_ERROR;
				CLANG_WARN_UNREACHABLE_CODE = YES;
				CLANG_WARN__DUPLICATE_METHOD_MATCH = YES;
				"CODE_SIGN_IDENTITY[sdk=iphoneos*]" = "iPhone Developer";
				COPY_PHASE_STRIP = NO;
				ENABLE_STRICT_OBJC_MSGSEND = YES;
				GCC_C_LANGUAGE_STANDARD = gnu99;
				GCC_DYNAMIC_NO_PIC = NO;
				GCC_OPTIMIZATION_LEVEL = 0;
				GCC_PREPROCESSOR_DEFINITIONS = (
					"DEBUG=1",
					"$(inherited)",
				);
				GCC_SYMBOLS_PRIVATE_EXTERN = NO;
				GCC_WARN_64_TO_32_BIT_CONVERSION = YES;
				GCC_WARN_ABOUT_RETURN_TYPE = YES_ERROR;
				GCC_WARN_UNDECLARED_SELECTOR = YES;
				GCC_WARN_UNINITIALIZED_AUTOS = YES_AGGRESSIVE;
				GCC_WARN_UNUSED_FUNCTION = YES;
				GCC_WARN_UNUSED_VARIABLE = YES;
				IPHONEOS_DEPLOYMENT_TARGET = 8.1;
				MTL_ENABLE_DEBUG_INFO = YES;
				ONLY_ACTIVE_ARCH = YES;
				SDKROOT = iphoneos;
				SWIFT_OPTIMIZATION_LEVEL = "-Onone";
			};
			name = Debug;
		};
		9A46C7F31A907A8C0089F5A5 /* Release */ = {
			isa = XCBuildConfiguration;
			buildSettings = {
				ALWAYS_SEARCH_USER_PATHS = NO;
				CLANG_CXX_LANGUAGE_STANDARD = "gnu++0x";
				CLANG_CXX_LIBRARY = "libc++";
				CLANG_ENABLE_MODULES = YES;
				CLANG_ENABLE_OBJC_ARC = YES;
				CLANG_WARN_BOOL_CONVERSION = YES;
				CLANG_WARN_CONSTANT_CONVERSION = YES;
				CLANG_WARN_DIRECT_OBJC_ISA_USAGE = YES_ERROR;
				CLANG_WARN_EMPTY_BODY = YES;
				CLANG_WARN_ENUM_CONVERSION = YES;
				CLANG_WARN_INT_CONVERSION = YES;
				CLANG_WARN_OBJC_ROOT_CLASS = YES_ERROR;
				CLANG_WARN_UNREACHABLE_CODE = YES;
				CLANG_WARN__DUPLICATE_METHOD_MATCH = YES;
				"CODE_SIGN_IDENTITY[sdk=iphoneos*]" = "iPhone Developer";
				COPY_PHASE_STRIP = YES;
				ENABLE_NS_ASSERTIONS = NO;
				ENABLE_STRICT_OBJC_MSGSEND = YES;
				GCC_C_LANGUAGE_STANDARD = gnu99;
				GCC_WARN_64_TO_32_BIT_CONVERSION = YES;
				GCC_WARN_ABOUT_RETURN_TYPE = YES_ERROR;
				GCC_WARN_UNDECLARED_SELECTOR = YES;
				GCC_WARN_UNINITIALIZED_AUTOS = YES_AGGRESSIVE;
				GCC_WARN_UNUSED_FUNCTION = YES;
				GCC_WARN_UNUSED_VARIABLE = YES;
				IPHONEOS_DEPLOYMENT_TARGET = 8.1;
				MTL_ENABLE_DEBUG_INFO = NO;
				SDKROOT = iphoneos;
				VALIDATE_PRODUCT = YES;
			};
			name = Release;
		};
		9A46C7F51A907A8C0089F5A5 /* Debug */ = {
			isa = XCBuildConfiguration;
			buildSettings = {
				ASSETCATALOG_COMPILER_APPICON_NAME = AppIcon;
				INFOPLIST_FILE = "電卓.swift/Info.plist";
				LD_RUNPATH_SEARCH_PATHS = "$(inherited) @executable_path/Frameworks";
				PRODUCT_NAME = "$(TARGET_NAME)";
			};
			name = Debug;
		};
		9A46C7F61A907A8C0089F5A5 /* Release */ = {
			isa = XCBuildConfiguration;
			buildSettings = {
				ASSETCATALOG_COMPILER_APPICON_NAME = AppIcon;
				INFOPLIST_FILE = "電卓.swift/Info.plist";
				LD_RUNPATH_SEARCH_PATHS = "$(inherited) @executable_path/Frameworks";
				PRODUCT_NAME = "$(TARGET_NAME)";
			};
			name = Release;
		};
		9A46C7F81A907A8C0089F5A5 /* Debug */ = {
			isa = XCBuildConfiguration;
			buildSettings = {
				BUNDLE_LOADER = "$(TEST_HOST)";
				FRAMEWORK_SEARCH_PATHS = (
					"$(SDKROOT)/Developer/Library/Frameworks",
					"$(inherited)",
				);
				GCC_PREPROCESSOR_DEFINITIONS = (
					"DEBUG=1",
					"$(inherited)",
				);
				INFOPLIST_FILE = "電卓.swiftTests/Info.plist";
				LD_RUNPATH_SEARCH_PATHS = "$(inherited) @executable_path/Frameworks @loader_path/Frameworks";
				PRODUCT_NAME = "$(TARGET_NAME)";
				TEST_HOST = "$(BUILT_PRODUCTS_DIR)/電卓.swift.app/電卓.swift";
			};
			name = Debug;
		};
		9A46C7F91A907A8C0089F5A5 /* Release */ = {
			isa = XCBuildConfiguration;
			buildSettings = {
				BUNDLE_LOADER = "$(TEST_HOST)";
				FRAMEWORK_SEARCH_PATHS = (
					"$(SDKROOT)/Developer/Library/Frameworks",
					"$(inherited)",
				);
				INFOPLIST_FILE = "電卓.swiftTests/Info.plist";
				LD_RUNPATH_SEARCH_PATHS = "$(inherited) @executable_path/Frameworks @loader_path/Frameworks";
				PRODUCT_NAME = "$(TARGET_NAME)";
				TEST_HOST = "$(BUILT_PRODUCTS_DIR)/電卓.swift.app/電卓.swift";
			};
			name = Release;
		};
/* End XCBuildConfiguration section */

/* Begin XCConfigurationList section */
		9A46C7D01A907A8C0089F5A5 /* Build configuration list for PBXProject "電卓.swift" */ = {
			isa = XCConfigurationList;
			buildConfigurations = (
				9A46C7F21A907A8C0089F5A5 /* Debug */,
				9A46C7F31A907A8C0089F5A5 /* Release */,
			);
			defaultConfigurationIsVisible = 0;
			defaultConfigurationName = Release;
		};
		9A46C7F41A907A8C0089F5A5 /* Build configuration list for PBXNativeTarget "電卓.swift" */ = {
			isa = XCConfigurationList;
			buildConfigurations = (
				9A46C7F51A907A8C0089F5A5 /* Debug */,
				9A46C7F61A907A8C0089F5A5 /* Release */,
			);
			defaultConfigurationIsVisible = 0;
		};
		9A46C7F71A907A8C0089F5A5 /* Build configuration list for PBXNativeTarget "電卓.swiftTests" */ = {
			isa = XCConfigurationList;
			buildConfigurations = (
				9A46C7F81A907A8C0089F5A5 /* Debug */,
				9A46C7F91A907A8C0089F5A5 /* Release */,
			);
			defaultConfigurationIsVisible = 0;
		};
/* End XCConfigurationList section */
	};
	rootObject = 9A46C7CD1A907A8C0089F5A5 /* Project object */;
}
